// !$*UTF8*$!
{
	archiveVersion = 1;
	classes = {
	};
	objectVersion = 46;
	objects = {

/* Begin PBXBuildFile section */
		1B3F735A1C464FBA004160B7 /* VemedioDatabase.h in Headers */ = {isa = PBXBuildFile; fileRef = 1B3F73591C464FBA004160B7 /* VemedioDatabase.h */; settings = {ATTRIBUTES = (Public, ); }; };
		1B3F73741C464FD8004160B7 /* FCModel.h in Headers */ = {isa = PBXBuildFile; fileRef = 1B3F73621C464FD8004160B7 /* FCModel.h */; settings = {ATTRIBUTES = (Public, ); }; };
		1B3F73751C464FD8004160B7 /* FCModel.m in Sources */ = {isa = PBXBuildFile; fileRef = 1B3F73631C464FD8004160B7 /* FCModel.m */; };
		1B3F73761C464FD8004160B7 /* FCModelCachedObject.h in Headers */ = {isa = PBXBuildFile; fileRef = 1B3F73641C464FD8004160B7 /* FCModelCachedObject.h */; };
		1B3F73771C464FD8004160B7 /* FCModelCachedObject.m in Sources */ = {isa = PBXBuildFile; fileRef = 1B3F73651C464FD8004160B7 /* FCModelCachedObject.m */; };
		1B3F73781C464FD8004160B7 /* FCModelDatabaseQueue.h in Headers */ = {isa = PBXBuildFile; fileRef = 1B3F73661C464FD8004160B7 /* FCModelDatabaseQueue.h */; };
		1B3F73791C464FD8004160B7 /* FCModelDatabaseQueue.m in Sources */ = {isa = PBXBuildFile; fileRef = 1B3F73671C464FD8004160B7 /* FCModelDatabaseQueue.m */; };
		1B3F737A1C464FD8004160B7 /* FMDatabase.h in Headers */ = {isa = PBXBuildFile; fileRef = 1B3F73691C464FD8004160B7 /* FMDatabase.h */; settings = {ATTRIBUTES = (Public, ); }; };
		1B3F737B1C464FD8004160B7 /* FMDatabase.m in Sources */ = {isa = PBXBuildFile; fileRef = 1B3F736A1C464FD8004160B7 /* FMDatabase.m */; };
		1B3F737C1C464FD8004160B7 /* FMDatabaseAdditions.h in Headers */ = {isa = PBXBuildFile; fileRef = 1B3F736B1C464FD8004160B7 /* FMDatabaseAdditions.h */; settings = {ATTRIBUTES = (Public, ); }; };
		1B3F737D1C464FD8004160B7 /* FMDatabaseAdditions.m in Sources */ = {isa = PBXBuildFile; fileRef = 1B3F736C1C464FD8004160B7 /* FMDatabaseAdditions.m */; };
		1B3F737E1C464FD8004160B7 /* FMDatabasePool.h in Headers */ = {isa = PBXBuildFile; fileRef = 1B3F736D1C464FD8004160B7 /* FMDatabasePool.h */; settings = {ATTRIBUTES = (Public, ); }; };
		1B3F737F1C464FD8004160B7 /* FMDatabasePool.m in Sources */ = {isa = PBXBuildFile; fileRef = 1B3F736E1C464FD8004160B7 /* FMDatabasePool.m */; };
		1B3F73801C464FD8004160B7 /* FMDatabaseQueue.h in Headers */ = {isa = PBXBuildFile; fileRef = 1B3F736F1C464FD8004160B7 /* FMDatabaseQueue.h */; settings = {ATTRIBUTES = (Public, ); }; };
		1B3F73811C464FD8004160B7 /* FMDatabaseQueue.m in Sources */ = {isa = PBXBuildFile; fileRef = 1B3F73701C464FD8004160B7 /* FMDatabaseQueue.m */; };
		1B3F73831C464FD8004160B7 /* FMResultSet.h in Headers */ = {isa = PBXBuildFile; fileRef = 1B3F73721C464FD8004160B7 /* FMResultSet.h */; settings = {ATTRIBUTES = (Public, ); }; };
		1B3F73841C464FD8004160B7 /* FMResultSet.m in Sources */ = {isa = PBXBuildFile; fileRef = 1B3F73731C464FD8004160B7 /* FMResultSet.m */; };
		1B3F73861C4650F2004160B7 /* libsqlite3.tbd in Frameworks */ = {isa = PBXBuildFile; fileRef = 1B3F73851C4650F2004160B7 /* libsqlite3.tbd */; };
		1B3F739F1C46548F004160B7 /* FMStatement.m in Sources */ = {isa = PBXBuildFile; fileRef = 1B3F739D1C46548F004160B7 /* FMStatement.m */; };
		1B3F73AF1C46575D004160B7 /* FCModel.m in Sources */ = {isa = PBXBuildFile; fileRef = 1B3F73631C464FD8004160B7 /* FCModel.m */; };
		1B3F73B01C46575D004160B7 /* FCModelCachedObject.m in Sources */ = {isa = PBXBuildFile; fileRef = 1B3F73651C464FD8004160B7 /* FCModelCachedObject.m */; };
		1B3F73B11C46575D004160B7 /* FCModelDatabaseQueue.m in Sources */ = {isa = PBXBuildFile; fileRef = 1B3F73671C464FD8004160B7 /* FCModelDatabaseQueue.m */; };
		1B3F73B21C46575D004160B7 /* FMDatabase.m in Sources */ = {isa = PBXBuildFile; fileRef = 1B3F736A1C464FD8004160B7 /* FMDatabase.m */; };
		1B3F73B31C46575D004160B7 /* FMDatabaseAdditions.m in Sources */ = {isa = PBXBuildFile; fileRef = 1B3F736C1C464FD8004160B7 /* FMDatabaseAdditions.m */; };
		1B3F73B41C46575D004160B7 /* FMDatabasePool.m in Sources */ = {isa = PBXBuildFile; fileRef = 1B3F736E1C464FD8004160B7 /* FMDatabasePool.m */; };
		1B3F73B51C46575D004160B7 /* FMDatabaseQueue.m in Sources */ = {isa = PBXBuildFile; fileRef = 1B3F73701C464FD8004160B7 /* FMDatabaseQueue.m */; };
		1B3F73B61C46575D004160B7 /* FMResultSet.m in Sources */ = {isa = PBXBuildFile; fileRef = 1B3F73731C464FD8004160B7 /* FMResultSet.m */; };
		1B3F73B71C46575D004160B7 /* FMStatement.m in Sources */ = {isa = PBXBuildFile; fileRef = 1B3F739D1C46548F004160B7 /* FMStatement.m */; };
		1B3F73B81C465760004160B7 /* FCModel.h in Headers */ = {isa = PBXBuildFile; fileRef = 1B3F73621C464FD8004160B7 /* FCModel.h */; settings = {ATTRIBUTES = (Public, ); }; };
		1B3F73B91C465767004160B7 /* FMDatabase.h in Headers */ = {isa = PBXBuildFile; fileRef = 1B3F73691C464FD8004160B7 /* FMDatabase.h */; settings = {ATTRIBUTES = (Public, ); }; };
		1B3F73BA1C465767004160B7 /* FMDatabaseAdditions.h in Headers */ = {isa = PBXBuildFile; fileRef = 1B3F736B1C464FD8004160B7 /* FMDatabaseAdditions.h */; settings = {ATTRIBUTES = (Public, ); }; };
		1B3F73BB1C465767004160B7 /* FMDatabasePool.h in Headers */ = {isa = PBXBuildFile; fileRef = 1B3F736D1C464FD8004160B7 /* FMDatabasePool.h */; settings = {ATTRIBUTES = (Public, ); }; };
		1B3F73BC1C465767004160B7 /* FMDatabaseQueue.h in Headers */ = {isa = PBXBuildFile; fileRef = 1B3F736F1C464FD8004160B7 /* FMDatabaseQueue.h */; settings = {ATTRIBUTES = (Public, ); }; };
		1B3F73BD1C465767004160B7 /* FMResultSet.h in Headers */ = {isa = PBXBuildFile; fileRef = 1B3F73721C464FD8004160B7 /* FMResultSet.h */; settings = {ATTRIBUTES = (Public, ); }; };
		1B3F73BE1C465782004160B7 /* VemedioDatabase.h in Headers */ = {isa = PBXBuildFile; fileRef = 1B3F73591C464FBA004160B7 /* VemedioDatabase.h */; settings = {ATTRIBUTES = (Public, ); }; };
		1B3F73C01C4657BA004160B7 /* libsqlite3.tbd in Frameworks */ = {isa = PBXBuildFile; fileRef = 1B3F73BF1C4657BA004160B7 /* libsqlite3.tbd */; };
		1B3F73C21C46591A004160B7 /* Info-OSX.plist in Resources */ = {isa = PBXBuildFile; fileRef = 1B3F73C11C46591A004160B7 /* Info-OSX.plist */; };
/* End PBXBuildFile section */

/* Begin PBXFileReference section */
		1B3F73561C464FBA004160B7 /* VemedioDatabase.framework */ = {isa = PBXFileReference; explicitFileType = wrapper.framework; includeInIndex = 0; path = VemedioDatabase.framework; sourceTree = BUILT_PRODUCTS_DIR; };
		1B3F73591C464FBA004160B7 /* VemedioDatabase.h */ = {isa = PBXFileReference; lastKnownFileType = sourcecode.c.h; path = VemedioDatabase.h; sourceTree = "<group>"; };
		1B3F735B1C464FBA004160B7 /* Info-iOS.plist */ = {isa = PBXFileReference; lastKnownFileType = text.plist.xml; path = "Info-iOS.plist"; sourceTree = "<group>"; };
		1B3F73621C464FD8004160B7 /* FCModel.h */ = {isa = PBXFileReference; fileEncoding = 4; lastKnownFileType = sourcecode.c.h; path = FCModel.h; sourceTree = "<group>"; };
		1B3F73631C464FD8004160B7 /* FCModel.m */ = {isa = PBXFileReference; fileEncoding = 4; lastKnownFileType = sourcecode.c.objc; path = FCModel.m; sourceTree = "<group>"; };
		1B3F73641C464FD8004160B7 /* FCModelCachedObject.h */ = {isa = PBXFileReference; fileEncoding = 4; lastKnownFileType = sourcecode.c.h; path = FCModelCachedObject.h; sourceTree = "<group>"; };
		1B3F73651C464FD8004160B7 /* FCModelCachedObject.m */ = {isa = PBXFileReference; fileEncoding = 4; lastKnownFileType = sourcecode.c.objc; path = FCModelCachedObject.m; sourceTree = "<group>"; };
		1B3F73661C464FD8004160B7 /* FCModelDatabaseQueue.h */ = {isa = PBXFileReference; fileEncoding = 4; lastKnownFileType = sourcecode.c.h; path = FCModelDatabaseQueue.h; sourceTree = "<group>"; };
		1B3F73671C464FD8004160B7 /* FCModelDatabaseQueue.m */ = {isa = PBXFileReference; fileEncoding = 4; lastKnownFileType = sourcecode.c.objc; path = FCModelDatabaseQueue.m; sourceTree = "<group>"; };
		1B3F73691C464FD8004160B7 /* FMDatabase.h */ = {isa = PBXFileReference; fileEncoding = 4; lastKnownFileType = sourcecode.c.h; path = FMDatabase.h; sourceTree = "<group>"; };
		1B3F736A1C464FD8004160B7 /* FMDatabase.m */ = {isa = PBXFileReference; fileEncoding = 4; lastKnownFileType = sourcecode.c.objc; path = FMDatabase.m; sourceTree = "<group>"; };
		1B3F736B1C464FD8004160B7 /* FMDatabaseAdditions.h */ = {isa = PBXFileReference; fileEncoding = 4; lastKnownFileType = sourcecode.c.h; path = FMDatabaseAdditions.h; sourceTree = "<group>"; };
		1B3F736C1C464FD8004160B7 /* FMDatabaseAdditions.m */ = {isa = PBXFileReference; fileEncoding = 4; lastKnownFileType = sourcecode.c.objc; path = FMDatabaseAdditions.m; sourceTree = "<group>"; };
		1B3F736D1C464FD8004160B7 /* FMDatabasePool.h */ = {isa = PBXFileReference; fileEncoding = 4; lastKnownFileType = sourcecode.c.h; path = FMDatabasePool.h; sourceTree = "<group>"; };
		1B3F736E1C464FD8004160B7 /* FMDatabasePool.m */ = {isa = PBXFileReference; fileEncoding = 4; lastKnownFileType = sourcecode.c.objc; path = FMDatabasePool.m; sourceTree = "<group>"; };
		1B3F736F1C464FD8004160B7 /* FMDatabaseQueue.h */ = {isa = PBXFileReference; fileEncoding = 4; lastKnownFileType = sourcecode.c.h; path = FMDatabaseQueue.h; sourceTree = "<group>"; };
		1B3F73701C464FD8004160B7 /* FMDatabaseQueue.m */ = {isa = PBXFileReference; fileEncoding = 4; lastKnownFileType = sourcecode.c.objc; path = FMDatabaseQueue.m; sourceTree = "<group>"; };
		1B3F73721C464FD8004160B7 /* FMResultSet.h */ = {isa = PBXFileReference; fileEncoding = 4; lastKnownFileType = sourcecode.c.h; path = FMResultSet.h; sourceTree = "<group>"; };
		1B3F73731C464FD8004160B7 /* FMResultSet.m */ = {isa = PBXFileReference; fileEncoding = 4; lastKnownFileType = sourcecode.c.objc; path = FMResultSet.m; sourceTree = "<group>"; };
		1B3F73851C4650F2004160B7 /* libsqlite3.tbd */ = {isa = PBXFileReference; lastKnownFileType = "sourcecode.text-based-dylib-definition"; name = libsqlite3.tbd; path = usr/lib/libsqlite3.tbd; sourceTree = SDKROOT; };
		1B3F739C1C46548F004160B7 /* FMStatement.h */ = {isa = PBXFileReference; fileEncoding = 4; lastKnownFileType = sourcecode.c.h; path = FMStatement.h; sourceTree = "<group>"; };
		1B3F739D1C46548F004160B7 /* FMStatement.m */ = {isa = PBXFileReference; fileEncoding = 4; lastKnownFileType = sourcecode.c.objc; path = FMStatement.m; sourceTree = "<group>"; };
		1B3F73A01C46551F004160B7 /* FMMacros.h */ = {isa = PBXFileReference; lastKnownFileType = sourcecode.c.h; path = FMMacros.h; sourceTree = "<group>"; };
		1B3F73A71C465721004160B7 /* VemedioDatabase.framework */ = {isa = PBXFileReference; explicitFileType = wrapper.framework; includeInIndex = 0; path = VemedioDatabase.framework; sourceTree = BUILT_PRODUCTS_DIR; };
		1B3F73BF1C4657BA004160B7 /* libsqlite3.tbd */ = {isa = PBXFileReference; lastKnownFileType = "sourcecode.text-based-dylib-definition"; name = libsqlite3.tbd; path = Platforms/MacOSX.platform/Developer/SDKs/MacOSX10.11.sdk/usr/lib/libsqlite3.tbd; sourceTree = DEVELOPER_DIR; };
		1B3F73C11C46591A004160B7 /* Info-OSX.plist */ = {isa = PBXFileReference; fileEncoding = 4; lastKnownFileType = text.plist.xml; path = "Info-OSX.plist"; sourceTree = "<group>"; };
/* End PBXFileReference section */

/* Begin PBXFrameworksBuildPhase section */
		1B3F73521C464FBA004160B7 /* Frameworks */ = {
			isa = PBXFrameworksBuildPhase;
			buildActionMask = 2147483647;
			files = (
				1B3F73861C4650F2004160B7 /* libsqlite3.tbd in Frameworks */,
			);
			runOnlyForDeploymentPostprocessing = 0;
		};
		1B3F73A31C465721004160B7 /* Frameworks */ = {
			isa = PBXFrameworksBuildPhase;
			buildActionMask = 2147483647;
			files = (
				1B3F73C01C4657BA004160B7 /* libsqlite3.tbd in Frameworks */,
			);
			runOnlyForDeploymentPostprocessing = 0;
		};
/* End PBXFrameworksBuildPhase section */

/* Begin PBXGroup section */
		1B3F734C1C464FBA004160B7 = {
			isa = PBXGroup;
			children = (
				1B3F73BF1C4657BA004160B7 /* libsqlite3.tbd */,
				1B3F73851C4650F2004160B7 /* libsqlite3.tbd */,
				1B3F73581C464FBA004160B7 /* VemedioDatabase */,
				1B3F73571C464FBA004160B7 /* Products */,
			);
			sourceTree = "<group>";
		};
		1B3F73571C464FBA004160B7 /* Products */ = {
			isa = PBXGroup;
			children = (
				1B3F73561C464FBA004160B7 /* VemedioDatabase.framework */,
				1B3F73A71C465721004160B7 /* VemedioDatabase.framework */,
			);
			name = Products;
			sourceTree = "<group>";
		};
		1B3F73581C464FBA004160B7 /* VemedioDatabase */ = {
			isa = PBXGroup;
			children = (
				1B3F73611C464FD8004160B7 /* FCModel */,
				1B3F73681C464FD8004160B7 /* fmdb */,
				1B3F73591C464FBA004160B7 /* VemedioDatabase.h */,
				1B3F735B1C464FBA004160B7 /* Info-iOS.plist */,
				1B3F73C11C46591A004160B7 /* Info-OSX.plist */,
			);
			path = VemedioDatabase;
			sourceTree = "<group>";
		};
		1B3F73611C464FD8004160B7 /* FCModel */ = {
			isa = PBXGroup;
			children = (
				1B3F73621C464FD8004160B7 /* FCModel.h */,
				1B3F73631C464FD8004160B7 /* FCModel.m */,
				1B3F73641C464FD8004160B7 /* FCModelCachedObject.h */,
				1B3F73651C464FD8004160B7 /* FCModelCachedObject.m */,
				1B3F73661C464FD8004160B7 /* FCModelDatabaseQueue.h */,
				1B3F73671C464FD8004160B7 /* FCModelDatabaseQueue.m */,
			);
			path = FCModel;
			sourceTree = "<group>";
		};
		1B3F73681C464FD8004160B7 /* fmdb */ = {
			isa = PBXGroup;
			children = (
				1B3F73691C464FD8004160B7 /* FMDatabase.h */,
				1B3F736A1C464FD8004160B7 /* FMDatabase.m */,
				1B3F736B1C464FD8004160B7 /* FMDatabaseAdditions.h */,
				1B3F736C1C464FD8004160B7 /* FMDatabaseAdditions.m */,
				1B3F736D1C464FD8004160B7 /* FMDatabasePool.h */,
				1B3F736E1C464FD8004160B7 /* FMDatabasePool.m */,
				1B3F736F1C464FD8004160B7 /* FMDatabaseQueue.h */,
				1B3F73701C464FD8004160B7 /* FMDatabaseQueue.m */,
				1B3F73721C464FD8004160B7 /* FMResultSet.h */,
				1B3F73731C464FD8004160B7 /* FMResultSet.m */,
				1B3F739C1C46548F004160B7 /* FMStatement.h */,
				1B3F739D1C46548F004160B7 /* FMStatement.m */,
				1B3F73A01C46551F004160B7 /* FMMacros.h */,
			);
			path = fmdb;
			sourceTree = "<group>";
		};
/* End PBXGroup section */

/* Begin PBXHeadersBuildPhase section */
		1B3F73531C464FBA004160B7 /* Headers */ = {
			isa = PBXHeadersBuildPhase;
			buildActionMask = 2147483647;
			files = (
				1B3F73781C464FD8004160B7 /* FCModelDatabaseQueue.h in Headers */,
				1B3F73761C464FD8004160B7 /* FCModelCachedObject.h in Headers */,
				1B3F737C1C464FD8004160B7 /* FMDatabaseAdditions.h in Headers */,
				1B3F737E1C464FD8004160B7 /* FMDatabasePool.h in Headers */,
				1B3F73801C464FD8004160B7 /* FMDatabaseQueue.h in Headers */,
				1B3F735A1C464FBA004160B7 /* VemedioDatabase.h in Headers */,
				1B3F737A1C464FD8004160B7 /* FMDatabase.h in Headers */,
				1B3F73741C464FD8004160B7 /* FCModel.h in Headers */,
				1B3F73831C464FD8004160B7 /* FMResultSet.h in Headers */,
			);
			runOnlyForDeploymentPostprocessing = 0;
		};
		1B3F73A41C465721004160B7 /* Headers */ = {
			isa = PBXHeadersBuildPhase;
			buildActionMask = 2147483647;
			files = (
				1B3F73BD1C465767004160B7 /* FMResultSet.h in Headers */,
				1B3F73B81C465760004160B7 /* FCModel.h in Headers */,
				1B3F73BC1C465767004160B7 /* FMDatabaseQueue.h in Headers */,
				1B3F73BB1C465767004160B7 /* FMDatabasePool.h in Headers */,
				1B3F73BE1C465782004160B7 /* VemedioDatabase.h in Headers */,
				1B3F73BA1C465767004160B7 /* FMDatabaseAdditions.h in Headers */,
				1B3F73B91C465767004160B7 /* FMDatabase.h in Headers */,
			);
			runOnlyForDeploymentPostprocessing = 0;
		};
/* End PBXHeadersBuildPhase section */

/* Begin PBXNativeTarget section */
		1B3F73551C464FBA004160B7 /* VemedioDatabase-iOS */ = {
			isa = PBXNativeTarget;
			buildConfigurationList = 1B3F735E1C464FBA004160B7 /* Build configuration list for PBXNativeTarget "VemedioDatabase-iOS" */;
			buildPhases = (
				1B3F73511C464FBA004160B7 /* Sources */,
				1B3F73521C464FBA004160B7 /* Frameworks */,
				1B3F73531C464FBA004160B7 /* Headers */,
				1B3F73541C464FBA004160B7 /* Resources */,
			);
			buildRules = (
			);
			dependencies = (
			);
			name = "VemedioDatabase-iOS";
			productName = VemedioDatabase;
			productReference = 1B3F73561C464FBA004160B7 /* VemedioDatabase.framework */;
			productType = "com.apple.product-type.framework";
		};
		1B3F73A61C465721004160B7 /* VemedioDatabase-OSX */ = {
			isa = PBXNativeTarget;
			buildConfigurationList = 1B3F73AC1C465721004160B7 /* Build configuration list for PBXNativeTarget "VemedioDatabase-OSX" */;
			buildPhases = (
				1B3F73A21C465721004160B7 /* Sources */,
				1B3F73A31C465721004160B7 /* Frameworks */,
				1B3F73A41C465721004160B7 /* Headers */,
				1B3F73A51C465721004160B7 /* Resources */,
			);
			buildRules = (
			);
			dependencies = (
			);
			name = "VemedioDatabase-OSX";
			productName = "VemedioDatabase-OSX";
			productReference = 1B3F73A71C465721004160B7 /* VemedioDatabase.framework */;
			productType = "com.apple.product-type.framework";
		};
/* End PBXNativeTarget section */

/* Begin PBXProject section */
		1B3F734D1C464FBA004160B7 /* Project object */ = {
			isa = PBXProject;
			attributes = {
				LastUpgradeCheck = 0720;
				ORGANIZATIONNAME = Vemedio;
				TargetAttributes = {
					1B3F73551C464FBA004160B7 = {
						CreatedOnToolsVersion = 7.2;
					};
					1B3F73A61C465721004160B7 = {
						CreatedOnToolsVersion = 7.2;
					};
				};
			};
			buildConfigurationList = 1B3F73501C464FBA004160B7 /* Build configuration list for PBXProject "VemedioDatabase" */;
			compatibilityVersion = "Xcode 3.2";
			developmentRegion = English;
			hasScannedForEncodings = 0;
			knownRegions = (
				en,
			);
			mainGroup = 1B3F734C1C464FBA004160B7;
			productRefGroup = 1B3F73571C464FBA004160B7 /* Products */;
			projectDirPath = "";
			projectRoot = "";
			targets = (
				1B3F73551C464FBA004160B7 /* VemedioDatabase-iOS */,
				1B3F73A61C465721004160B7 /* VemedioDatabase-OSX */,
			);
		};
/* End PBXProject section */

/* Begin PBXResourcesBuildPhase section */
		1B3F73541C464FBA004160B7 /* Resources */ = {
			isa = PBXResourcesBuildPhase;
			buildActionMask = 2147483647;
			files = (
			);
			runOnlyForDeploymentPostprocessing = 0;
		};
		1B3F73A51C465721004160B7 /* Resources */ = {
			isa = PBXResourcesBuildPhase;
			buildActionMask = 2147483647;
			files = (
				1B3F73C21C46591A004160B7 /* Info-OSX.plist in Resources */,
			);
			runOnlyForDeploymentPostprocessing = 0;
		};
/* End PBXResourcesBuildPhase section */

/* Begin PBXSourcesBuildPhase section */
		1B3F73511C464FBA004160B7 /* Sources */ = {
			isa = PBXSourcesBuildPhase;
			buildActionMask = 2147483647;
			files = (
				1B3F73751C464FD8004160B7 /* FCModel.m in Sources */,
				1B3F737F1C464FD8004160B7 /* FMDatabasePool.m in Sources */,
				1B3F73791C464FD8004160B7 /* FCModelDatabaseQueue.m in Sources */,
				1B3F73811C464FD8004160B7 /* FMDatabaseQueue.m in Sources */,
				1B3F73771C464FD8004160B7 /* FCModelCachedObject.m in Sources */,
				1B3F737B1C464FD8004160B7 /* FMDatabase.m in Sources */,
				1B3F73841C464FD8004160B7 /* FMResultSet.m in Sources */,
				1B3F739F1C46548F004160B7 /* FMStatement.m in Sources */,
				1B3F737D1C464FD8004160B7 /* FMDatabaseAdditions.m in Sources */,
			);
			runOnlyForDeploymentPostprocessing = 0;
		};
		1B3F73A21C465721004160B7 /* Sources */ = {
			isa = PBXSourcesBuildPhase;
			buildActionMask = 2147483647;
			files = (
				1B3F73AF1C46575D004160B7 /* FCModel.m in Sources */,
				1B3F73B41C46575D004160B7 /* FMDatabasePool.m in Sources */,
				1B3F73B11C46575D004160B7 /* FCModelDatabaseQueue.m in Sources */,
				1B3F73B51C46575D004160B7 /* FMDatabaseQueue.m in Sources */,
				1B3F73B01C46575D004160B7 /* FCModelCachedObject.m in Sources */,
				1B3F73B21C46575D004160B7 /* FMDatabase.m in Sources */,
				1B3F73B61C46575D004160B7 /* FMResultSet.m in Sources */,
				1B3F73B71C46575D004160B7 /* FMStatement.m in Sources */,
				1B3F73B31C46575D004160B7 /* FMDatabaseAdditions.m in Sources */,
			);
			runOnlyForDeploymentPostprocessing = 0;
		};
/* End PBXSourcesBuildPhase section */

/* Begin XCBuildConfiguration section */
		1B3F735C1C464FBA004160B7 /* Debug */ = {
			isa = XCBuildConfiguration;
			buildSettings = {
				ALWAYS_SEARCH_USER_PATHS = NO;
				CLANG_CXX_LANGUAGE_STANDARD = "gnu++0x";
				CLANG_CXX_LIBRARY = "libc++";
				CLANG_ENABLE_MODULES = YES;
				CLANG_ENABLE_OBJC_ARC = YES;
				CLANG_WARN_BOOL_CONVERSION = YES;
				CLANG_WARN_CONSTANT_CONVERSION = YES;
				CLANG_WARN_DIRECT_OBJC_ISA_USAGE = YES_ERROR;
				CLANG_WARN_EMPTY_BODY = YES;
				CLANG_WARN_ENUM_CONVERSION = YES;
				CLANG_WARN_INT_CONVERSION = YES;
				CLANG_WARN_OBJC_ROOT_CLASS = YES_ERROR;
				CLANG_WARN_UNREACHABLE_CODE = YES;
				CLANG_WARN__DUPLICATE_METHOD_MATCH = YES;
				"CODE_SIGN_IDENTITY[sdk=iphoneos*]" = "iPhone Developer";
				COPY_PHASE_STRIP = NO;
				CURRENT_PROJECT_VERSION = 1;
				DEBUG_INFORMATION_FORMAT = dwarf;
				ENABLE_STRICT_OBJC_MSGSEND = YES;
				ENABLE_TESTABILITY = YES;
				GCC_C_LANGUAGE_STANDARD = gnu99;
				GCC_DYNAMIC_NO_PIC = NO;
				GCC_NO_COMMON_BLOCKS = YES;
				GCC_OPTIMIZATION_LEVEL = 0;
				GCC_PREPROCESSOR_DEFINITIONS = (
					"DEBUG=1",
					"$(inherited)",
				);
				GCC_WARN_64_TO_32_BIT_CONVERSION = YES;
				GCC_WARN_ABOUT_RETURN_TYPE = YES_ERROR;
				GCC_WARN_UNDECLARED_SELECTOR = YES;
				GCC_WARN_UNINITIALIZED_AUTOS = YES_AGGRESSIVE;
				GCC_WARN_UNUSED_FUNCTION = YES;
				GCC_WARN_UNUSED_VARIABLE = YES;
				IPHONEOS_DEPLOYMENT_TARGET = 9.2;
				MTL_ENABLE_DEBUG_INFO = YES;
				ONLY_ACTIVE_ARCH = YES;
				SDKROOT = iphoneos;
				TARGETED_DEVICE_FAMILY = "1,2";
				VERSIONING_SYSTEM = "apple-generic";
				VERSION_INFO_PREFIX = "";
			};
			name = Debug;
		};
		1B3F735D1C464FBA004160B7 /* Release */ = {
			isa = XCBuildConfiguration;
			buildSettings = {
				ALWAYS_SEARCH_USER_PATHS = NO;
				CLANG_CXX_LANGUAGE_STANDARD = "gnu++0x";
				CLANG_CXX_LIBRARY = "libc++";
				CLANG_ENABLE_MODULES = YES;
				CLANG_ENABLE_OBJC_ARC = YES;
				CLANG_WARN_BOOL_CONVERSION = YES;
				CLANG_WARN_CONSTANT_CONVERSION = YES;
				CLANG_WARN_DIRECT_OBJC_ISA_USAGE = YES_ERROR;
				CLANG_WARN_EMPTY_BODY = YES;
				CLANG_WARN_ENUM_CONVERSION = YES;
				CLANG_WARN_INT_CONVERSION = YES;
				CLANG_WARN_OBJC_ROOT_CLASS = YES_ERROR;
				CLANG_WARN_UNREACHABLE_CODE = YES;
				CLANG_WARN__DUPLICATE_METHOD_MATCH = YES;
				"CODE_SIGN_IDENTITY[sdk=iphoneos*]" = "iPhone Developer";
				COPY_PHASE_STRIP = NO;
				CURRENT_PROJECT_VERSION = 1;
				DEBUG_INFORMATION_FORMAT = "dwarf-with-dsym";
				ENABLE_NS_ASSERTIONS = NO;
				ENABLE_STRICT_OBJC_MSGSEND = YES;
				GCC_C_LANGUAGE_STANDARD = gnu99;
				GCC_NO_COMMON_BLOCKS = YES;
				GCC_WARN_64_TO_32_BIT_CONVERSION = YES;
				GCC_WARN_ABOUT_RETURN_TYPE = YES_ERROR;
				GCC_WARN_UNDECLARED_SELECTOR = YES;
				GCC_WARN_UNINITIALIZED_AUTOS = YES_AGGRESSIVE;
				GCC_WARN_UNUSED_FUNCTION = YES;
				GCC_WARN_UNUSED_VARIABLE = YES;
				IPHONEOS_DEPLOYMENT_TARGET = 9.2;
				MTL_ENABLE_DEBUG_INFO = NO;
				SDKROOT = iphoneos;
				TARGETED_DEVICE_FAMILY = "1,2";
				VALIDATE_PRODUCT = YES;
				VERSIONING_SYSTEM = "apple-generic";
				VERSION_INFO_PREFIX = "";
			};
			name = Release;
		};
		1B3F735F1C464FBA004160B7 /* Debug */ = {
			isa = XCBuildConfiguration;
			buildSettings = {
				APPLICATION_EXTENSION_API_ONLY = YES;
				DEFINES_MODULE = YES;
				DYLIB_COMPATIBILITY_VERSION = 1;
				DYLIB_CURRENT_VERSION = 1;
				DYLIB_INSTALL_NAME_BASE = "@rpath";
				INFOPLIST_FILE = "VemedioDatabase/Info-iOS.plist";
				INSTALL_PATH = "$(LOCAL_LIBRARY_DIR)/Frameworks";
				IPHONEOS_DEPLOYMENT_TARGET = 8.4;
				LD_RUNPATH_SEARCH_PATHS = "$(inherited) @executable_path/Frameworks @loader_path/Frameworks";
				PRODUCT_BUNDLE_IDENTIFIER = com.vemedio.ios.VemedioDatabase;
				PRODUCT_NAME = VemedioDatabase;
				SKIP_INSTALL = YES;
			};
			name = Debug;
		};
		1B3F73601C464FBA004160B7 /* Release */ = {
			isa = XCBuildConfiguration;
			buildSettings = {
				APPLICATION_EXTENSION_API_ONLY = YES;
				DEFINES_MODULE = YES;
				DYLIB_COMPATIBILITY_VERSION = 1;
				DYLIB_CURRENT_VERSION = 1;
				DYLIB_INSTALL_NAME_BASE = "@rpath";
				INFOPLIST_FILE = "VemedioDatabase/Info-iOS.plist";
				INSTALL_PATH = "$(LOCAL_LIBRARY_DIR)/Frameworks";
				IPHONEOS_DEPLOYMENT_TARGET = 8.4;
				LD_RUNPATH_SEARCH_PATHS = "$(inherited) @executable_path/Frameworks @loader_path/Frameworks";
				PRODUCT_BUNDLE_IDENTIFIER = com.vemedio.ios.VemedioDatabase;
				PRODUCT_NAME = VemedioDatabase;
				SKIP_INSTALL = YES;
			};
			name = Release;
		};
		1B3F73AD1C465721004160B7 /* Debug */ = {
			isa = XCBuildConfiguration;
			buildSettings = {
				APPLICATION_EXTENSION_API_ONLY = YES;
				CODE_SIGN_IDENTITY = "-";
				COMBINE_HIDPI_IMAGES = YES;
				DEFINES_MODULE = YES;
				DYLIB_COMPATIBILITY_VERSION = 1;
				DYLIB_CURRENT_VERSION = 1;
				DYLIB_INSTALL_NAME_BASE = "@rpath";
				FRAMEWORK_VERSION = A;
				INFOPLIST_FILE = "VemedioDatabase/Info-OSX.plist";
				INSTALL_PATH = "$(LOCAL_LIBRARY_DIR)/Frameworks";
				LD_RUNPATH_SEARCH_PATHS = "$(inherited) @executable_path/../Frameworks @loader_path/Frameworks";
				MACOSX_DEPLOYMENT_TARGET = 10.10;
				PRODUCT_BUNDLE_IDENTIFIER = com.vemedio.osx.VemedioDatabase;
				PRODUCT_NAME = VemedioDatabase;
				SDKROOT = macosx;
				SKIP_INSTALL = YES;
			};
			name = Debug;
		};
		1B3F73AE1C465721004160B7 /* Release */ = {
			isa = XCBuildConfiguration;
			buildSettings = {
				APPLICATION_EXTENSION_API_ONLY = YES;
				CODE_SIGN_IDENTITY = "-";
				COMBINE_HIDPI_IMAGES = YES;
				DEFINES_MODULE = YES;
				DYLIB_COMPATIBILITY_VERSION = 1;
				DYLIB_CURRENT_VERSION = 1;
				DYLIB_INSTALL_NAME_BASE = "@rpath";
				FRAMEWORK_VERSION = A;
				INFOPLIST_FILE = "VemedioDatabase/Info-OSX.plist";
				INSTALL_PATH = "$(LOCAL_LIBRARY_DIR)/Frameworks";
				LD_RUNPATH_SEARCH_PATHS = "$(inherited) @executable_path/../Frameworks @loader_path/Frameworks";
				MACOSX_DEPLOYMENT_TARGET = 10.10;
				PRODUCT_BUNDLE_IDENTIFIER = com.vemedio.osx.VemedioDatabase;
				PRODUCT_NAME = VemedioDatabase;
				SDKROOT = macosx;
				SKIP_INSTALL = YES;
			};
			name = Release;
		};
/* End XCBuildConfiguration section */

/* Begin XCConfigurationList section */
		1B3F73501C464FBA004160B7 /* Build configuration list for PBXProject "VemedioDatabase" */ = {
			isa = XCConfigurationList;
			buildConfigurations = (
				1B3F735C1C464FBA004160B7 /* Debug */,
				1B3F735D1C464FBA004160B7 /* Release */,
			);
			defaultConfigurationIsVisible = 0;
			defaultConfigurationName = Release;
		};
		1B3F735E1C464FBA004160B7 /* Build configuration list for PBXNativeTarget "VemedioDatabase-iOS" */ = {
			isa = XCConfigurationList;
			buildConfigurations = (
				1B3F735F1C464FBA004160B7 /* Debug */,
				1B3F73601C464FBA004160B7 /* Release */,
			);
			defaultConfigurationIsVisible = 0;
			defaultConfigurationName = Release;
		};
		1B3F73AC1C465721004160B7 /* Build configuration list for PBXNativeTarget "VemedioDatabase-OSX" */ = {
			isa = XCConfigurationList;
			buildConfigurations = (
				1B3F73AD1C465721004160B7 /* Debug */,
				1B3F73AE1C465721004160B7 /* Release */,
			);
			defaultConfigurationIsVisible = 0;
			defaultConfigurationName = Release;
		};
/* End XCConfigurationList section */
	};
	rootObject = 1B3F734D1C464FBA004160B7 /* Project object */;
}
